
Microsoft Visual Studio Solution File, Format Version 12.00
# Visual Studio Version 17
VisualStudioVersion = 17.14.36414.22 d17.14
MinimumVisualStudioVersion = 10.0.40219.1
Project("{FAE04EC0-301F-11D3-BF4B-00C04F79EFBC}") = "Adofai-Resource-Packager", "Adofai-Resource-Packager\Adofai-Resource-Packager.csproj", "{882BF5BA-1030-42F0-AF96-737350A6DCC0}"
EndProject
Global
	GlobalSection(SolutionConfigurationPlatforms) = preSolution
		Debug|Any CPU = Debug|Any CPU
		Release|Any CPU = Release|Any CPU
	EndGlobalSection
	GlobalSection(ProjectConfigurationPlatforms) = postSolution
		{882BF5BA-1030-42F0-AF96-737350A6DCC0}.Debug|Any CPU.ActiveCfg = Debug|Any CPU
		{882BF5BA-1030-42F0-AF96-737350A6DCC0}.Debug|Any CPU.Build.0 = Debug|Any CPU
		{882BF5BA-1030-42F0-AF96-737350A6DCC0}.Release|Any CPU.ActiveCfg = Release|Any CPU
		{882BF5BA-1030-42F0-AF96-737350A6DCC0}.Release|Any CPU.Build.0 = Release|Any CPU
	EndGlobalSection
	GlobalSection(SolutionProperties) = preSolution
		HideSolutionNode = FALSE
	EndGlobalSection
	GlobalSection(ExtensibilityGlobals) = postSolution
		SolutionGuid = {F66AB299-D430-4ACC-8F72-94803754B053}
	EndGlobalSection
EndGlobal
